{
    "_meta": {
        "hash": {
            "sha256": "9dc4abb0327bfdcd105af555313a9ea391068a04ef607c136b6b00a2e7445278"
        },
        "pipfile-spec": 6,
        "requires": {
            "python_version": "3.6"
        },
        "sources": [
            {
                "url": "https://pypi.python.org/simple",
                "verify_ssl": true
            }
        ]
    },
    "default": {
        "certifi": {
            "hashes": [
                "sha256:339dc09518b07e2fa7eda5450740925974815557727d6bd35d319c1524a04a4c",
                "sha256:6d58c986d22b038c8c0df30d639f23a3e6d172a05c3583e766f4c0b785c0986a"
            ],
            "version": "==2018.10.15"
        },
        "chardet": {
            "hashes": [
                "sha256:84ab92ed1c4d4f16916e05906b6b75a6c0fb5db821cc65e70cbd64a3e2a5eaae",
                "sha256:fc323ffcaeaed0e0a02bf4d117757b98aed530d9ed4531e3e15460124c106691"
            ],
            "version": "==3.0.4"
        },
        "coverage": {
            "hashes": [
                "sha256:03481e81d558d30d230bc12999e3edffe392d244349a90f4ef9b88425fac74ba",
                "sha256:0b136648de27201056c1869a6c0d4e23f464750fd9a9ba9750b8336a244429ed",
                "sha256:0bf8cbbd71adfff0ef1f3a1531e6402d13b7b01ac50a79c97ca15f030dba6306",
                "sha256:10a46017fef60e16694a30627319f38a2b9b52e90182dddb6e37dcdab0f4bf95",
                "sha256:198626739a79b09fa0a2f06e083ffd12eb55449b5f8bfdbeed1df4910b2ca640",
                "sha256:23d341cdd4a0371820eb2b0bd6b88f5003a7438bbedb33688cd33b8eae59affd",
                "sha256:28b2191e7283f4f3568962e373b47ef7f0392993bb6660d079c62bd50fe9d162",
                "sha256:2a5b73210bad5279ddb558d9a2bfedc7f4bf6ad7f3c988641d83c40293deaec1",
                "sha256:2eb564bbf7816a9d68dd3369a510be3327f1c618d2357fa6b1216994c2e3d508",
                "sha256:337ded681dd2ef9ca04ef5d93cfc87e52e09db2594c296b4a0a3662cb1b41249",
                "sha256:3a2184c6d797a125dca8367878d3b9a178b6fdd05fdc2d35d758c3006a1cd694",
                "sha256:3c79a6f7b95751cdebcd9037e4d06f8d5a9b60e4ed0cd231342aa8ad7124882a",
                "sha256:3d72c20bd105022d29b14a7d628462ebdc61de2f303322c0212a054352f3b287",
                "sha256:3eb42bf89a6be7deb64116dd1cc4b08171734d721e7a7e57ad64cc4ef29ed2f1",
                "sha256:4635a184d0bbe537aa185a34193898eee409332a8ccb27eea36f262566585000",
                "sha256:56e448f051a201c5ebbaa86a5efd0ca90d327204d8b059ab25ad0f35fbfd79f1",
                "sha256:5a13ea7911ff5e1796b6d5e4fbbf6952381a611209b736d48e675c2756f3f74e",
                "sha256:69bf008a06b76619d3c3f3b1983f5145c75a305a0fea513aca094cae5c40a8f5",
                "sha256:6bc583dc18d5979dc0f6cec26a8603129de0304d5ae1f17e57a12834e7235062",
                "sha256:701cd6093d63e6b8ad7009d8a92425428bc4d6e7ab8d75efbb665c806c1d79ba",
                "sha256:7608a3dd5d73cb06c531b8925e0ef8d3de31fed2544a7de6c63960a1e73ea4bc",
                "sha256:76ecd006d1d8f739430ec50cc872889af1f9c1b6b8f48e29941814b09b0fd3cc",
                "sha256:7aa36d2b844a3e4a4b356708d79fd2c260281a7390d678a10b91ca595ddc9e99",
                "sha256:7d3f553904b0c5c016d1dad058a7554c7ac4c91a789fca496e7d8347ad040653",
                "sha256:7e1fe19bd6dce69d9fd159d8e4a80a8f52101380d5d3a4d374b6d3eae0e5de9c",
                "sha256:8c3cb8c35ec4d9506979b4cf90ee9918bc2e49f84189d9bf5c36c0c1119c6558",
                "sha256:9d6dd10d49e01571bf6e147d3b505141ffc093a06756c60b053a859cb2128b1f",
                "sha256:be6cfcd8053d13f5f5eeb284aa8a814220c3da1b0078fa859011c7fffd86dab9",
                "sha256:c1bb572fab8208c400adaf06a8133ac0712179a334c09224fb11393e920abcdd",
                "sha256:de4418dadaa1c01d497e539210cb6baa015965526ff5afc078c57ca69160108d",
                "sha256:e05cb4d9aad6233d67e0541caa7e511fa4047ed7750ec2510d466e806e0255d6",
                "sha256:f05a636b4564104120111800021a92e43397bc12a5c72fed7036be8556e0029e",
                "sha256:f3f501f345f24383c0000395b26b726e46758b71393267aeae0bd36f8b3ade80"
            ],
            "version": "==4.5.1"
        },
        "defusedxml": {
            "hashes": [
                "sha256:24d7f2f94f7f3cb6061acb215685e5125fbcdc40a857eff9de22518820b0a4f4",
                "sha256:702a91ade2968a82beb0db1e0766a6a273f33d4616a6ce8cde475d8e09853b20"
            ],
            "markers": "python_version >= '3.0'",
            "version": "==0.5.0"
        },
        "dj-database-url": {
            "hashes": [
                "sha256:4aeaeb1f573c74835b0686a2b46b85990571159ffc21aa57ecd4d1e1cb334163",
                "sha256:851785365761ebe4994a921b433062309eb882fedd318e1b0fcecc607ed02da9"
            ],
            "version": "==0.5.0"
        },
        "django": {
            "hashes": [
                "sha256:1ffab268ada3d5684c05ba7ce776eaeedef360712358d6a6b340ae9f16486916",
                "sha256:dd46d87af4c1bf54f4c926c3cfa41dc2b5c15782f15e4329752ce65f5dad1c37"
            ],
            "version": "==2.1.3"
        },
        "django-cors-headers": {
            "hashes": [
                "sha256:5545009c9b233ea7e70da7dbab7cb1c12afa01279895086f98ec243d7eab46fa",
                "sha256:c4c2ee97139d18541a1be7d96fe337d1694623816d83f53cb7c00da9b94acae1"
            ],
            "version": "==2.4.0"
        },
        "django-heroku": {
            "hashes": [
                "sha256:2bc690aab89eedbe01311752320a9a12e7548e3b0ed102681acc5736a41a4762",
                "sha256:6af4bc3ae4a9b55eaad6dbe5164918982d2762661aebc9f83d9fa49f6009514e"
            ],
            "version": "==0.3.1"
        },
        "django-progressive-web-app": {
            "hashes": [
                "sha256:5c0db3b0d78557094c73333bb73a5ce168d07af75a7588c85de4093bcde37a64",
                "sha256:d158db2cd4c95bd8fd254eb79ab206392d4fdf8c2ba836e6446bbceecb033bc3"
            ],
            "version": "==0.1.1"
        },
        "django-widget-tweaks": {
            "hashes": [
                "sha256:a69cba6c8a6b98f0cf6eef0535f8212d635e19044ee4533d4d78df700c2e233f",
                "sha256:bc645ef88307bc4ac269ee8ee9e572be814cd4a125c2bb6edb59ffcdc194982d"
            ],
            "version": "==1.4.3"
        },
        "djangorestframework": {
            "hashes": [
                "sha256:607865b0bb1598b153793892101d881466bd5a991de12bd6229abb18b1c86136",
                "sha256:63f76cbe1e7d12b94c357d7e54401103b2e52aef0f7c1650d6c820ad708776e5"
            ],
            "version": "==3.9.0"
        },
        "gunicorn": {
            "hashes": [
                "sha256:aa8e0b40b4157b36a5df5e599f45c9c76d6af43845ba3b3b0efe2c70473c2471",
                "sha256:fa2662097c66f920f53f70621c6c58ca4a3c4d3434205e608e121b5b3b71f4f3"
            ],
            "version": "==19.9.0"
        },
        "idna": {
            "hashes": [
                "sha256:156a6814fb5ac1fc6850fb002e0852d56c0c8d2531923a51032d1b70760e186e",
                "sha256:684a38a6f903c1d71d6d5fac066b58d7768af4de2b832e426ec79c30daa94a16"
            ],
            "version": "==2.7"
        },
        "oauthlib": {
            "hashes": [
                "sha256:ac35665a61c1685c56336bda97d5eefa246f1202618a1d6f34fccb1bdd404162",
                "sha256:d883b36b21a6ad813953803edfa563b1b579d79ca758fe950d1bc9e8b326025b"
            ],
            "version": "==2.1.0"
        },
        "psycopg2": {
            "hashes": [
                "sha256:03e22041bee0611408e6aad49f1bcf4406faeacffdbdc63a0f82cb7bdc5c8326",
                "sha256:064404626947717dd342d5ed7a10affe64154a9a637cb22d502d84fcb39b40a2",
                "sha256:07749db03fa21de99329750675dfd81b9eeed99139a6753485092d84f8371aee",
                "sha256:165da83922b6fc3b027db2aba8bb444bee49af32f95b062e1523c76f605294e9",
                "sha256:255a77a914b7d080359238a99371f23dd77489901cfec718448fa605f5b8dbe8",
                "sha256:27c88e8fcbea1dc3777c676a21b3e6878da2b00624cb62b7f16e85fc27ce4ce5",
                "sha256:28d6f1f400f8d1a4a191116943030e7558c6f51d34b9a4d06581e5d84d0eb75b",
                "sha256:3138f11fccd6e1dc5b357af0d4f5016ed47d5f0ec81a4fb0f82ad8ddd460e903",
                "sha256:49b96b8ef11e0f2016189ba208b5c63495c9b6ac89697eb3db97f40673d8ec65",
                "sha256:4a0d29c44316e57cea3368ca1fd9dbfd82b3973aec77dcb610e487c5632418bc",
                "sha256:4a658550b0bcb259e97f77f2dc93ed6b108fe2eda963a9e6fc8b48040d542ec2",
                "sha256:520cf9576c6b8b45117b6367a155c27668f22860bcc34cbc77e0e52f51ded7c2",
                "sha256:5bc0dc64fb26892b42653dea934f7c0b70361325647e7775528e40813b2c5f4e",
                "sha256:65c123366e35e9068b9c39b6aac27e198d84c9a41bb17fa1ae8d042e0b50f04d",
                "sha256:6c7e4cbc75aac67c32a6e778e215a30b8318371cdc59d7d10550296f11190fcb",
                "sha256:784475327650967505cf92977f51c73b5e908c3e0f79e08a892fdbc10718baf8",
                "sha256:7995bd16a61b31e922bfe3b18be24dfb63c81ec197a46c2504c45e3c5187c6e6",
                "sha256:83890c9ea4e9ae032e298e2ba269660544fc73561431985d38268b3664ad4ef7",
                "sha256:9501dc8412eb8b2881149d8af74a347f4d6ce85d03513be27fd56c3c066bd9dc",
                "sha256:9eea6c03534aebb157a8ced5df70ba0f277d3b936d708c1654d7236e5e20edda",
                "sha256:a32acdd8675e105676f5cf7b0706e2a404ddb6a2f2b8aada7646ed2df981fef6",
                "sha256:bf4090882bb0bfad11033b2c262c47a9ba1cdb145981d94b873a46df69b53cb4",
                "sha256:ca0cf5a443e4d0bb381d5a523fd4f155cb7414ac4c450e7b901cb04e5f59d5ed",
                "sha256:ce503de4a77870dce37365d3fc224c41409f2bf1ee576159430835af4fde1d86",
                "sha256:db48d28badfdd7ea62d71e8420749e66461732fa574063b4f1a1162c3d015049",
                "sha256:db97bc920901745d665ccdcb4c672bf209ad13db5d19d5a1f6110b3785f1bebf",
                "sha256:ed15e97b8fb6ffc791fe12c8050a0c8d84bdf48d436b8c462db3aa1766b236de",
                "sha256:fc73255af56a4bf6151cd516ebd6ac1eabb922c5e44d5b8859c0ca696ba88da7",
                "sha256:fe3471a0bd29595e59a4422ee332bf09ca7e15b1e6800f1b640d1c09c03ef19c",
                "sha256:ff158aed5220b54461019b636a56a85b2af32670804a27f7298dae4bd715902f"
            ],
            "version": "==2.7.6"
        },
        "pyjwt": {
            "hashes": [
                "sha256:30b1380ff43b55441283cc2b2676b755cca45693ae3097325dea01f3d110628c",
                "sha256:4ee413b357d53fd3fb44704577afac88e72e878716116270d722723d65b42176"
            ],
            "version": "==1.6.4"
        },
        "python-decouple": {
            "hashes": [
                "sha256:1317df14b43efee4337a4aa02914bf004f010cd56d6c4bd894e6474ec8c4fe2d"
            ],
            "version": "==3.1"
        },
        "python3-openid": {
            "hashes": [
                "sha256:0086da6b6ef3161cfe50fb1ee5cceaf2cda1700019fda03c2c5c440ca6abe4fa",
                "sha256:628d365d687e12da12d02c6691170f4451db28d6d68d050007e4a40065868502"
            ],
            "markers": "python_version >= '3.0'",
            "version": "==3.1.0"
        },
        "pytz": {
            "hashes": [
                "sha256:31cb35c89bd7d333cd32c5f278fca91b523b0834369e757f4c5641ea252236ca",
                "sha256:8e0f8568c118d3077b46be7d654cc8167fa916092e28320cde048e54bfc9f1e6"
            ],
            "version": "==2018.7"
        },
        "requests": {
            "hashes": [
                "sha256:65b3a120e4329e33c9889db89c80976c5272f56ea92d3e74da8a463992e3ff54",
                "sha256:ea881206e59f41dbd0bd445437d792e43906703fff75ca8ff43ccdb11f33f263"
            ],
            "markers": "python_version >= '2.7' and python_version != '3.1.*' and python_version < '4' and python_version != '3.0.*' and python_version != '3.2.*' and python_version != '3.3.*'",
            "version": "==2.20.1"
        },
        "requests-oauthlib": {
            "hashes": [
                "sha256:8886bfec5ad7afb391ed5443b1f697c6f4ae98d0e5620839d8b4499c032ada3f",
                "sha256:e21232e2465808c0e892e0e4dbb8c2faafec16ac6dc067dd546e9b466f3deac8"
            ],
            "markers": "python_version >= '2.7' and python_version != '3.1.*' and python_version < '4' and python_version != '3.0.*' and python_version != '3.2.*' and python_version != '3.3.*'",
            "version": "==1.0.0"
        },
        "six": {
            "hashes": [
                "sha256:70e8a77beed4562e7f14fe23a786b54f6296e34344c23bc42f07b15018ff98e9",
                "sha256:832dc0e10feb1aa2c68dcc57dbb658f1c7e65b9b61af69048abc87a2db00a0eb"
            ],
            "version": "==1.11.0"
        },
        "social-auth-app-django": {
            "hashes": [
                "sha256:6d0dd18c2d9e71ca545097d57b44d26f59e624a12833078e8e52f91baf849778",
                "sha256:9237e3d7b6f6f59494c3b02e0cce6efc69c9d33ad9d1a064e3b2318bcbe89ae3",
                "sha256:f151396e5b16e2eee12cd2e211004257826ece24fc4ae97a147df386c1cd7082"
            ],
            "version": "==3.1.0"
        },
        "social-auth-core": {
            "hashes": [
                "sha256:744c8b8498cf7e970151e8ea96a8d3e3aa818986ace7e1a0f39295fc193f4529",
                "sha256:b8a34e7eb71c66e4d68deb007c81d4f74d4e0bc52c1c4f871a7758db0a0c268e",
                "sha256:cec8e0a2297a23c0e1cab21bbcfaf32c8378fdb98762f47e315bbc65c3a83c89"
            ],
            "markers": "python_version >= '2.7' and python_version != '3.1.*' and python_version < '4' and python_version != '3.0.*' and python_version != '3.2.*' and python_version != '3.3.*'",
            "version": "==2.0.0"
        },
        "urllib3": {
            "hashes": [
                "sha256:61bf29cada3fc2fbefad4fdf059ea4bd1b4a86d2b6d15e1c7c0b582b9752fe39",
                "sha256:de9529817c93f27c8ccbfead6985011db27bd0ddfcdb2d86f3f663385c6a9c22"
            ],
            "markers": "python_version >= '2.7' and python_version != '3.1.*' and python_version < '4' and python_version != '3.0.*' and python_version != '3.2.*' and python_version != '3.3.*'",
            "version": "==1.24.1"
        },
        "whitenoise": {
            "hashes": [
                "sha256:133a92ff0ab8fb9509f77d4f7d0de493eca19c6fea973f4195d4184f888f2e02",
                "sha256:32b57d193478908a48acb66bf73e7a3c18679263e3e64bfebcfac1144a430039"
            ],
            "version": "==4.1"
        }
    },
    "develop": {}
}
